
Microsoft Visual Studio Solution File, Format Version 12.00
# Visual Studio Version 16
VisualStudioVersion = 16.0.32602.291
MinimumVisualStudioVersion = 10.0.40219.1
Project("{FAE04EC0-301F-11D3-BF4B-00C04F79EFBC}") = "equb", "equb.csproj", "{BB1B475D-389D-4D7E-92B2-F52588E1E5FB}"
EndProject
Project("{9A19103F-16F7-4668-BE54-9A1E7A4F7556}") = "practice3", "..\..\..\source\repos\practice3\practice3.csproj", "{3EB8BC27-BB97-4EB4-9974-DF4AC52AE498}"
EndProject
Global
	GlobalSection(SolutionConfigurationPlatforms) = preSolution
		Debug|Any CPU = Debug|Any CPU
		Release|Any CPU = Release|Any CPU
	EndGlobalSection
	GlobalSection(ProjectConfigurationPlatforms) = postSolution
		{BB1B475D-389D-4D7E-92B2-F52588E1E5FB}.Debug|Any CPU.ActiveCfg = Debug|Any CPU
		{BB1B475D-389D-4D7E-92B2-F52588E1E5FB}.Debug|Any CPU.Build.0 = Debug|Any CPU
		{BB1B475D-389D-4D7E-92B2-F52588E1E5FB}.Release|Any CPU.ActiveCfg = Release|Any CPU
		{BB1B475D-389D-4D7E-92B2-F52588E1E5FB}.Release|Any CPU.Build.0 = Release|Any CPU
		{3EB8BC27-BB97-4EB4-9974-DF4AC52AE498}.Debug|Any CPU.ActiveCfg = Debug|Any CPU
		{3EB8BC27-BB97-4EB4-9974-DF4AC52AE498}.Debug|Any CPU.Build.0 = Debug|Any CPU
		{3EB8BC27-BB97-4EB4-9974-DF4AC52AE498}.Release|Any CPU.ActiveCfg = Release|Any CPU
		{3EB8BC27-BB97-4EB4-9974-DF4AC52AE498}.Release|Any CPU.Build.0 = Release|Any CPU
	EndGlobalSection
	GlobalSection(SolutionProperties) = preSolution
		HideSolutionNode = FALSE
	EndGlobalSection
	GlobalSection(ExtensibilityGlobals) = postSolution
		SolutionGuid = {9E044E40-CDFA-4EF6-BE16-A538B775E9E9}
	EndGlobalSection
EndGlobal
